{
  "dependencies": {
    "classnames": {
      "version": "2.1.3"
    },
    "d3": {
      "version": "3.5.10"
    },
    "externalify": {
      "version": "0.1.0",
      "dependencies": {
        "globo": {
          "version": "1.0.2",
          "dependencies": {
            "accessory": {
              "version": "1.0.1",
              "dependencies": {
                "dot-parts": {
                  "version": "1.0.1"
                }
              }
            },
            "is-defined": {
              "version": "1.0.0"
            },
            "ternary": {
              "version": "1.0.0"
            }
          }
        },
        "map-obj": {
          "version": "1.0.1"
        },
        "replace-require-functions": {
          "version": "1.0.0",
          "dependencies": {
            "detective": {
              "version": "4.1.1",
              "dependencies": {
                "acorn": {
                  "version": "1.2.2"
                },
                "defined": {
                  "version": "1.0.0"
                },
                "escodegen": {
                  "version": "1.6.1",
                  "dependencies": {
                    "estraverse": {
                      "version": "1.9.3"
                    },
                    "esutils": {
                      "version": "1.1.6"
                    },
                    "esprima": {
                      "version": "1.2.5"
                    },
                    "optionator": {
                      "version": "0.5.0",
                      "dependencies": {
                        "prelude-ls": {
                          "version": "1.1.2"
                        },
                        "deep-is": {
                          "version": "0.1.3"
                        },
                        "wordwrap": {
                          "version": "0.0.3"
                        },
                        "type-check": {
                          "version": "0.3.1"
                        },
                        "levn": {
                          "version": "0.2.5"
                        },
                        "fast-levenshtein": {
                          "version": "1.0.6"
                        }
                      }
                    },
                    "source-map": {
                      "version": "0.1.43",
                      "dependencies": {
                        "amdefine": {
                          "version": "1.0.0"
                        }
                      }
                    }
                  }
                }
              }
            },
            "has-require": {
              "version": "1.2.1",
              "dependencies": {
                "escape-string-regexp": {
                  "version": "1.0.3"
                }
              }
            },
            "patch-text": {
              "version": "1.0.2"
            },
            "xtend": {
              "version": "4.0.0"
            }
          }
        },
        "through2": {
          "version": "0.4.2",
          "dependencies": {
            "readable-stream": {
              "version": "1.0.33",
              "dependencies": {
                "core-util-is": {
                  "version": "1.0.1"
                },
                "isarray": {
                  "version": "0.0.1"
                },
                "string_decoder": {
                  "version": "0.10.31"
                },
                "inherits": {
                  "version": "2.0.1"
                }
              }
            },
            "xtend": {
              "version": "2.1.2",
              "dependencies": {
                "object-keys": {
                  "version": "0.4.0"
                }
              }
            }
          }
        },
        "transformify": {
          "version": "0.1.2",
          "dependencies": {
            "readable-stream": {
              "version": "1.1.13",
              "dependencies": {
                "core-util-is": {
                  "version": "1.0.1"
                },
                "isarray": {
                  "version": "0.0.1"
                },
                "string_decoder": {
                  "version": "0.10.31"
                },
                "inherits": {
                  "version": "2.0.1"
                }
              }
            }
          }
        }
      }
    },
    "github-api": {
      "version": "0.10.6",
      "dependencies": {
        "atob": {
          "version": "1.1.3"
        },
        "btoa": {
          "version": "1.1.2"
        },
        "underscore": {
          "version": "1.6.0"
        },
        "xmlhttprequest": {
          "version": "1.6.0"
        }
      }
    },
    "seraph": {
      "version": "0.14.0",
      "dependencies": {
        "async": {
          "version": "0.2.10"
        },
        "naan": {
          "version": "1.3.11"
        },
        "request": {
          "version": "2.67.0",
          "dependencies": {
            "bl": {
              "version": "1.0.0",
              "dependencies": {
                "readable-stream": {
                  "version": "2.0.4",
                  "dependencies": {
                    "core-util-is": {
                      "version": "1.0.2"
                    },
                    "inherits": {
                      "version": "2.0.1"
                    },
                    "isarray": {
                      "version": "0.0.1"
                    },
                    "process-nextick-args": {
                      "version": "1.0.6"
                    },
                    "string_decoder": {
                      "version": "0.10.31"
                    },
                    "util-deprecate": {
                      "version": "1.0.2"
                    }
                  }
                }
              }
            },
            "caseless": {
              "version": "0.11.0"
            },
            "extend": {
              "version": "3.0.0"
            },
            "forever-agent": {
              "version": "0.6.1"
            },
            "form-data": {
              "version": "1.0.0-rc3",
              "dependencies": {
                "async": {
                  "version": "1.5.0"
                }
              }
            },
            "json-stringify-safe": {
              "version": "5.0.1"
            },
            "mime-types": {
              "version": "2.1.8",
              "dependencies": {
                "mime-db": {
                  "version": "1.20.0"
                }
              }
            },
            "node-uuid": {
              "version": "1.4.7"
            },
            "qs": {
              "version": "5.2.0"
            },
            "tunnel-agent": {
              "version": "0.4.2"
            },
            "tough-cookie": {
              "version": "2.2.1"
            },
            "http-signature": {
              "version": "1.1.0",
              "dependencies": {
                "assert-plus": {
                  "version": "0.1.5"
                },
                "jsprim": {
                  "version": "1.2.2",
                  "dependencies": {
                    "extsprintf": {
                      "version": "1.0.2"
                    },
                    "json-schema": {
                      "version": "0.2.2"
                    },
                    "verror": {
                      "version": "1.3.6"
                    }
                  }
                },
                "sshpk": {
                  "version": "1.7.1",
                  "dependencies": {
                    "asn1": {
                      "version": "0.2.3"
                    },
                    "assert-plus": {
                      "version": "0.2.0"
                    },
                    "dashdash": {
                      "version": "1.10.1",
                      "dependencies": {
                        "assert-plus": {
                          "version": "0.1.5"
                        }
                      }
                    },
                    "jsbn": {
                      "version": "0.1.0"
                    },
                    "tweetnacl": {
                      "version": "0.13.2"
                    },
                    "jodid25519": {
                      "version": "1.0.2"
                    },
                    "ecc-jsbn": {
                      "version": "0.1.1"
                    }
                  }
                }
              }
            },
            "oauth-sign": {
              "version": "0.8.0"
            },
            "hawk": {
              "version": "3.1.2",
              "dependencies": {
                "hoek": {
                  "version": "2.16.3"
                },
                "boom": {
                  "version": "2.10.1"
                },
                "cryptiles": {
                  "version": "2.0.5"
                },
                "sntp": {
                  "version": "1.0.9"
                }
              }
            },
            "aws-sign2": {
              "version": "0.6.0"
            },
            "stringstream": {
              "version": "0.0.5"
            },
            "combined-stream": {
              "version": "1.0.5",
              "dependencies": {
                "delayed-stream": {
                  "version": "1.0.0"
                }
              }
            },
            "isstream": {
              "version": "0.1.2"
            },
            "is-typedarray": {
              "version": "1.0.0"
            },
            "har-validator": {
              "version": "2.0.3",
              "dependencies": {
                "chalk": {
                  "version": "1.1.1",
                  "dependencies": {
                    "ansi-styles": {
                      "version": "2.1.0"
                    },
                    "escape-string-regexp": {
                      "version": "1.0.3"
                    },
                    "has-ansi": {
                      "version": "2.0.0",
                      "dependencies": {
                        "ansi-regex": {
                          "version": "2.0.0"
                        }
                      }
                    },
                    "strip-ansi": {
                      "version": "3.0.0",
                      "dependencies": {
                        "ansi-regex": {
                          "version": "2.0.0"
                        }
                      }
                    },
                    "supports-color": {
                      "version": "2.0.0"
                    }
                  }
                },
                "commander": {
                  "version": "2.9.0",
                  "dependencies": {
                    "graceful-readlink": {
                      "version": "1.0.1"
                    }
                  }
                },
                "is-my-json-valid": {
                  "version": "2.12.3",
                  "dependencies": {
                    "generate-function": {
                      "version": "2.0.0"
                    },
                    "generate-object-property": {
                      "version": "1.2.0",
                      "dependencies": {
                        "is-property": {
                          "version": "1.0.2"
                        }
                      }
                    },
                    "jsonpointer": {
                      "version": "2.0.0"
                    },
                    "xtend": {
                      "version": "4.0.1"
                    }
                  }
                },
                "pinkie-promise": {
                  "version": "2.0.0",
                  "dependencies": {
                    "pinkie": {
                      "version": "2.0.1"
                    }
                  }
                }
              }
            }
          }
        },
        "seraph-core": {
          "version": "1.1.0"
        },
        "thunkify": {
          "version": "2.1.2"
        },
        "underscore": {
          "version": "1.8.3"
        }
      }
    }
  }
}
